
Microsoft Visual Studio Solution File, Format Version 12.00
# Visual Studio 14
VisualStudioVersion = 14.0.24720.0
MinimumVisualStudioVersion = 10.0.40219.1
Project("{FAE04EC0-301F-11D3-BF4B-00C04F79EFBC}") = "Elementary.Hierarchy.Collections", "Elementary.Hierarchy.Collections\Elementary.Hierarchy.Collections.csproj", "{FC60A003-DE20-459D-A3BA-30D4D5F59D2C}"
EndProject
Project("{FAE04EC0-301F-11D3-BF4B-00C04F79EFBC}") = "Elementary.Hierarchy.Collections.Test", "Elementary.Hierarchy.Collections.Test\Elementary.Hierarchy.Collections.Test.csproj", "{E9F72BCB-9C7C-4CEB-8509-A4B267D6E962}"
EndProject
Project("{FAE04EC0-301F-11D3-BF4B-00C04F79EFBC}") = "Elementary.Hierarchy.Collections.Benchmarks", "Elementary.Hierarchy.Collections.Benchmarks\Elementary.Hierarchy.Collections.Benchmarks.csproj", "{F2CA9262-72BC-4F9E-BF60-F5C89CA884E0}"
EndProject
Global
	GlobalSection(SolutionConfigurationPlatforms) = preSolution
		Debug|Any CPU = Debug|Any CPU
		Release|Any CPU = Release|Any CPU
	EndGlobalSection
	GlobalSection(ProjectConfigurationPlatforms) = postSolution
		{FC60A003-DE20-459D-A3BA-30D4D5F59D2C}.Debug|Any CPU.ActiveCfg = Debug|Any CPU
		{FC60A003-DE20-459D-A3BA-30D4D5F59D2C}.Debug|Any CPU.Build.0 = Debug|Any CPU
		{FC60A003-DE20-459D-A3BA-30D4D5F59D2C}.Release|Any CPU.ActiveCfg = Release|Any CPU
		{FC60A003-DE20-459D-A3BA-30D4D5F59D2C}.Release|Any CPU.Build.0 = Release|Any CPU
		{E9F72BCB-9C7C-4CEB-8509-A4B267D6E962}.Debug|Any CPU.ActiveCfg = Debug|Any CPU
		{E9F72BCB-9C7C-4CEB-8509-A4B267D6E962}.Debug|Any CPU.Build.0 = Debug|Any CPU
		{E9F72BCB-9C7C-4CEB-8509-A4B267D6E962}.Release|Any CPU.ActiveCfg = Release|Any CPU
		{E9F72BCB-9C7C-4CEB-8509-A4B267D6E962}.Release|Any CPU.Build.0 = Release|Any CPU
		{F2CA9262-72BC-4F9E-BF60-F5C89CA884E0}.Debug|Any CPU.ActiveCfg = Debug|Any CPU
		{F2CA9262-72BC-4F9E-BF60-F5C89CA884E0}.Debug|Any CPU.Build.0 = Debug|Any CPU
		{F2CA9262-72BC-4F9E-BF60-F5C89CA884E0}.Release|Any CPU.ActiveCfg = Release|Any CPU
		{F2CA9262-72BC-4F9E-BF60-F5C89CA884E0}.Release|Any CPU.Build.0 = Release|Any CPU
	EndGlobalSection
	GlobalSection(SolutionProperties) = preSolution
		HideSolutionNode = FALSE
	EndGlobalSection
EndGlobal
